// !$*UTF8*$!
{
	archiveVersion = 1;
	classes = {
	};
	objectVersion = 46;
	objects = {

/* Begin PBXBuildFile section */
		9AC244DE1F178083001D1163 /* main.m in Sources */ = {isa = PBXBuildFile; fileRef = 9AC244DD1F178083001D1163 /* main.m */; };
		9AC244E11F178083001D1163 /* AppDelegate.m in Sources */ = {isa = PBXBuildFile; fileRef = 9AC244E01F178083001D1163 /* AppDelegate.m */; };
		9AC244E41F178083001D1163 /* ViewController.m in Sources */ = {isa = PBXBuildFile; fileRef = 9AC244E31F178083001D1163 /* ViewController.m */; };
		9AC244E71F178083001D1163 /* Main.storyboard in Resources */ = {isa = PBXBuildFile; fileRef = 9AC244E51F178083001D1163 /* Main.storyboard */; };
		9AC244E91F178083001D1163 /* Assets.xcassets in Resources */ = {isa = PBXBuildFile; fileRef = 9AC244E81F178083001D1163 /* Assets.xcassets */; };
		9AC244EC1F178083001D1163 /* LaunchScreen.storyboard in Resources */ = {isa = PBXBuildFile; fileRef = 9AC244EA1F178083001D1163 /* LaunchScreen.storyboard */; };
		9AC244F71F178083001D1163 /* SlideBtnGroupsTests.m in Sources */ = {isa = PBXBuildFile; fileRef = 9AC244F61F178083001D1163 /* SlideBtnGroupsTests.m */; };
		9AC245021F178083001D1163 /* SlideBtnGroupsUITests.m in Sources */ = {isa = PBXBuildFile; fileRef = 9AC245011F178083001D1163 /* SlideBtnGroupsUITests.m */; };
/* End PBXBuildFile section */

/* Begin PBXContainerItemProxy section */
		9AC244F31F178083001D1163 /* PBXContainerItemProxy */ = {
			isa = PBXContainerItemProxy;
			containerPortal = 9AC244D11F178083001D1163 /* Project object */;
			proxyType = 1;
			remoteGlobalIDString = 9AC244D81F178083001D1163;
			remoteInfo = SlideBtnGroups;
		};
		9AC244FE1F178083001D1163 /* PBXContainerItemProxy */ = {
			isa = PBXContainerItemProxy;
			containerPortal = 9AC244D11F178083001D1163 /* Project object */;
			proxyType = 1;
			remoteGlobalIDString = 9AC244D81F178083001D1163;
			remoteInfo = SlideBtnGroups;
		};
/* End PBXContainerItemProxy section */

/* Begin PBXFileReference section */
		9AC244D91F178083001D1163 /* SlideBtnGroups.app */ = {isa = PBXFileReference; explicitFileType = wrapper.application; includeInIndex = 0; path = SlideBtnGroups.app; sourceTree = BUILT_PRODUCTS_DIR; };
		9AC244DD1F178083001D1163 /* main.m */ = {isa = PBXFileReference; lastKnownFileType = sourcecode.c.objc; path = main.m; sourceTree = "<group>"; };
		9AC244DF1F178083001D1163 /* AppDelegate.h */ = {isa = PBXFileReference; lastKnownFileType = sourcecode.c.h; path = AppDelegate.h; sourceTree = "<group>"; };
		9AC244E01F178083001D1163 /* AppDelegate.m */ = {isa = PBXFileReference; lastKnownFileType = sourcecode.c.objc; path = AppDelegate.m; sourceTree = "<group>"; };
		9AC244E21F178083001D1163 /* ViewController.h */ = {isa = PBXFileReference; lastKnownFileType = sourcecode.c.h; path = ViewController.h; sourceTree = "<group>"; };
		9AC244E31F178083001D1163 /* ViewController.m */ = {isa = PBXFileReference; lastKnownFileType = sourcecode.c.objc; path = ViewController.m; sourceTree = "<group>"; };
		9AC244E61F178083001D1163 /* Base */ = {isa = PBXFileReference; lastKnownFileType = file.storyboard; name = Base; path = Base.lproj/Main.storyboard; sourceTree = "<group>"; };
		9AC244E81F178083001D1163 /* Assets.xcassets */ = {isa = PBXFileReference; lastKnownFileType = folder.assetcatalog; path = Assets.xcassets; sourceTree = "<group>"; };
		9AC244EB1F178083001D1163 /* Base */ = {isa = PBXFileReference; lastKnownFileType = file.storyboard; name = Base; path = Base.lproj/LaunchScreen.storyboard; sourceTree = "<group>"; };
		9AC244ED1F178083001D1163 /* Info.plist */ = {isa = PBXFileReference; lastKnownFileType = text.plist.xml; path = Info.plist; sourceTree = "<group>"; };
		9AC244F21F178083001D1163 /* SlideBtnGroupsTests.xctest */ = {isa = PBXFileReference; explicitFileType = wrapper.cfbundle; includeInIndex = 0; path = SlideBtnGroupsTests.xctest; sourceTree = BUILT_PRODUCTS_DIR; };
		9AC244F61F178083001D1163 /* SlideBtnGroupsTests.m */ = {isa = PBXFileReference; lastKnownFileType = sourcecode.c.objc; path = SlideBtnGroupsTests.m; sourceTree = "<group>"; };
		9AC244F81F178083001D1163 /* Info.plist */ = {isa = PBXFileReference; lastKnownFileType = text.plist.xml; path = Info.plist; sourceTree = "<group>"; };
		9AC244FD1F178083001D1163 /* SlideBtnGroupsUITests.xctest */ = {isa = PBXFileReference; explicitFileType = wrapper.cfbundle; includeInIndex = 0; path = SlideBtnGroupsUITests.xctest; sourceTree = BUILT_PRODUCTS_DIR; };
		9AC245011F178083001D1163 /* SlideBtnGroupsUITests.m */ = {isa = PBXFileReference; lastKnownFileType = sourcecode.c.objc; path = SlideBtnGroupsUITests.m; sourceTree = "<group>"; };
		9AC245031F178083001D1163 /* Info.plist */ = {isa = PBXFileReference; lastKnownFileType = text.plist.xml; path = Info.plist; sourceTree = "<group>"; };
/* End PBXFileReference section */

/* Begin PBXFrameworksBuildPhase section */
		9AC244D61F178083001D1163 /* Frameworks */ = {
			isa = PBXFrameworksBuildPhase;
			buildActionMask = 2147483647;
			files = (
			);
			runOnlyForDeploymentPostprocessing = 0;
		};
		9AC244EF1F178083001D1163 /* Frameworks */ = {
			isa = PBXFrameworksBuildPhase;
			buildActionMask = 2147483647;
			files = (
			);
			runOnlyForDeploymentPostprocessing = 0;
		};
		9AC244FA1F178083001D1163 /* Frameworks */ = {
			isa = PBXFrameworksBuildPhase;
			buildActionMask = 2147483647;
			files = (
			);
			runOnlyForDeploymentPostprocessing = 0;
		};
/* End PBXFrameworksBuildPhase section */

/* Begin PBXGroup section */
		9AC244D01F178083001D1163 = {
			isa = PBXGroup;
			children = (
				9AC244DB1F178083001D1163 /* SlideBtnGroups */,
				9AC244F51F178083001D1163 /* SlideBtnGroupsTests */,
				9AC245001F178083001D1163 /* SlideBtnGroupsUITests */,
				9AC244DA1F178083001D1163 /* Products */,
			);
			sourceTree = "<group>";
		};
		9AC244DA1F178083001D1163 /* Products */ = {
			isa = PBXGroup;
			children = (
				9AC244D91F178083001D1163 /* SlideBtnGroups.app */,
				9AC244F21F178083001D1163 /* SlideBtnGroupsTests.xctest */,
				9AC244FD1F178083001D1163 /* SlideBtnGroupsUITests.xctest */,
			);
			name = Products;
			sourceTree = "<group>";
		};
		9AC244DB1F178083001D1163 /* SlideBtnGroups */ = {
			isa = PBXGroup;
			children = (
				9AC244DF1F178083001D1163 /* AppDelegate.h */,
				9AC244E01F178083001D1163 /* AppDelegate.m */,
				9AC244E21F178083001D1163 /* ViewController.h */,
				9AC244E31F178083001D1163 /* ViewController.m */,
				9AC244E51F178083001D1163 /* Main.storyboard */,
				9AC244E81F178083001D1163 /* Assets.xcassets */,
				9AC244EA1F178083001D1163 /* LaunchScreen.storyboard */,
				9AC244ED1F178083001D1163 /* Info.plist */,
				9AC244DC1F178083001D1163 /* Supporting Files */,
			);
			path = SlideBtnGroups;
			sourceTree = "<group>";
		};
		9AC244DC1F178083001D1163 /* Supporting Files */ = {
			isa = PBXGroup;
			children = (
				9AC244DD1F178083001D1163 /* main.m */,
			);
			name = "Supporting Files";
			sourceTree = "<group>";
		};
		9AC244F51F178083001D1163 /* SlideBtnGroupsTests */ = {
			isa = PBXGroup;
			children = (
				9AC244F61F178083001D1163 /* SlideBtnGroupsTests.m */,
				9AC244F81F178083001D1163 /* Info.plist */,
			);
			path = SlideBtnGroupsTests;
			sourceTree = "<group>";
		};
		9AC245001F178083001D1163 /* SlideBtnGroupsUITests */ = {
			isa = PBXGroup;
			children = (
				9AC245011F178083001D1163 /* SlideBtnGroupsUITests.m */,
				9AC245031F178083001D1163 /* Info.plist */,
			);
			path = SlideBtnGroupsUITests;
			sourceTree = "<group>";
		};
/* End PBXGroup section */

/* Begin PBXNativeTarget section */
		9AC244D81F178083001D1163 /* SlideBtnGroups */ = {
			isa = PBXNativeTarget;
			buildConfigurationList = 9AC245061F178083001D1163 /* Build configuration list for PBXNativeTarget "SlideBtnGroups" */;
			buildPhases = (
				9AC244D51F178083001D1163 /* Sources */,
				9AC244D61F178083001D1163 /* Frameworks */,
				9AC244D71F178083001D1163 /* Resources */,
			);
			buildRules = (
			);
			dependencies = (
			);
			name = SlideBtnGroups;
			productName = SlideBtnGroups;
			productReference = 9AC244D91F178083001D1163 /* SlideBtnGroups.app */;
			productType = "com.apple.product-type.application";
		};
		9AC244F11F178083001D1163 /* SlideBtnGroupsTests */ = {
			isa = PBXNativeTarget;
			buildConfigurationList = 9AC245091F178083001D1163 /* Build configuration list for PBXNativeTarget "SlideBtnGroupsTests" */;
			buildPhases = (
				9AC244EE1F178083001D1163 /* Sources */,
				9AC244EF1F178083001D1163 /* Frameworks */,
				9AC244F01F178083001D1163 /* Resources */,
			);
			buildRules = (
			);
			dependencies = (
				9AC244F41F178083001D1163 /* PBXTargetDependency */,
			);
			name = SlideBtnGroupsTests;
			productName = SlideBtnGroupsTests;
			productReference = 9AC244F21F178083001D1163 /* SlideBtnGroupsTests.xctest */;
			productType = "com.apple.product-type.bundle.unit-test";
		};
		9AC244FC1F178083001D1163 /* SlideBtnGroupsUITests */ = {
			isa = PBXNativeTarget;
			buildConfigurationList = 9AC2450C1F178083001D1163 /* Build configuration list for PBXNativeTarget "SlideBtnGroupsUITests" */;
			buildPhases = (
				9AC244F91F178083001D1163 /* Sources */,
				9AC244FA1F178083001D1163 /* Frameworks */,
				9AC244FB1F178083001D1163 /* Resources */,
			);
			buildRules = (
			);
			dependencies = (
				9AC244FF1F178083001D1163 /* PBXTargetDependency */,
			);
			name = SlideBtnGroupsUITests;
			productName = SlideBtnGroupsUITests;
			productReference = 9AC244FD1F178083001D1163 /* SlideBtnGroupsUITests.xctest */;
			productType = "com.apple.product-type.bundle.ui-testing";
		};
/* End PBXNativeTarget section */

/* Begin PBXProject section */
		9AC244D11F178083001D1163 /* Project object */ = {
			isa = PBXProject;
			attributes = {
				LastUpgradeCheck = 0830;
				ORGANIZATIONNAME = "杨肖宇";
				TargetAttributes = {
					9AC244D81F178083001D1163 = {
						CreatedOnToolsVersion = 8.3.1;
						ProvisioningStyle = Automatic;
					};
					9AC244F11F178083001D1163 = {
						CreatedOnToolsVersion = 8.3.1;
						ProvisioningStyle = Automatic;
						TestTargetID = 9AC244D81F178083001D1163;
					};
					9AC244FC1F178083001D1163 = {
						CreatedOnToolsVersion = 8.3.1;
						ProvisioningStyle = Automatic;
						TestTargetID = 9AC244D81F178083001D1163;
					};
				};
			};
			buildConfigurationList = 9AC244D41F178083001D1163 /* Build configuration list for PBXProject "SlideBtnGroups" */;
			compatibilityVersion = "Xcode 3.2";
			developmentRegion = English;
			hasScannedForEncodings = 0;
			knownRegions = (
				en,
				Base,
			);
			mainGroup = 9AC244D01F178083001D1163;
			productRefGroup = 9AC244DA1F178083001D1163 /* Products */;
			projectDirPath = "";
			projectRoot = "";
			targets = (
				9AC244D81F178083001D1163 /* SlideBtnGroups */,
				9AC244F11F178083001D1163 /* SlideBtnGroupsTests */,
				9AC244FC1F178083001D1163 /* SlideBtnGroupsUITests */,
			);
		};
/* End PBXProject section */

/* Begin PBXResourcesBuildPhase section */
		9AC244D71F178083001D1163 /* Resources */ = {
			isa = PBXResourcesBuildPhase;
			buildActionMask = 2147483647;
			files = (
				9AC244EC1F178083001D1163 /* LaunchScreen.storyboard in Resources */,
				9AC244E91F178083001D1163 /* Assets.xcassets in Resources */,
				9AC244E71F178083001D1163 /* Main.storyboard in Resources */,
			);
			runOnlyForDeploymentPostprocessing = 0;
		};
		9AC244F01F178083001D1163 /* Resources */ = {
			isa = PBXResourcesBuildPhase;
			buildActionMask = 2147483647;
			files = (
			);
			runOnlyForDeploymentPostprocessing = 0;
		};
		9AC244FB1F178083001D1163 /* Resources */ = {
			isa = PBXResourcesBuildPhase;
			buildActionMask = 2147483647;
			files = (
			);
			runOnlyForDeploymentPostprocessing = 0;
		};
/* End PBXResourcesBuildPhase section */

/* Begin PBXSourcesBuildPhase section */
		9AC244D51F178083001D1163 /* Sources */ = {
			isa = PBXSourcesBuildPhase;
			buildActionMask = 2147483647;
			files = (
				9AC244E41F178083001D1163 /* ViewController.m in Sources */,
				9AC244E11F178083001D1163 /* AppDelegate.m in Sources */,
				9AC244DE1F178083001D1163 /* main.m in Sources */,
			);
			runOnlyForDeploymentPostprocessing = 0;
		};
		9AC244EE1F178083001D1163 /* Sources */ = {
			isa = PBXSourcesBuildPhase;
			buildActionMask = 2147483647;
			files = (
				9AC244F71F178083001D1163 /* SlideBtnGroupsTests.m in Sources */,
			);
			runOnlyForDeploymentPostprocessing = 0;
		};
		9AC244F91F178083001D1163 /* Sources */ = {
			isa = PBXSourcesBuildPhase;
			buildActionMask = 2147483647;
			files = (
				9AC245021F178083001D1163 /* SlideBtnGroupsUITests.m in Sources */,
			);
			runOnlyForDeploymentPostprocessing = 0;
		};
/* End PBXSourcesBuildPhase section */

/* Begin PBXTargetDependency section */
		9AC244F41F178083001D1163 /* PBXTargetDependency */ = {
			isa = PBXTargetDependency;
			target = 9AC244D81F178083001D1163 /* SlideBtnGroups */;
			targetProxy = 9AC244F31F178083001D1163 /* PBXContainerItemProxy */;
		};
		9AC244FF1F178083001D1163 /* PBXTargetDependency */ = {
			isa = PBXTargetDependency;
			target = 9AC244D81F178083001D1163 /* SlideBtnGroups */;
			targetProxy = 9AC244FE1F178083001D1163 /* PBXContainerItemProxy */;
		};
/* End PBXTargetDependency section */

/* Begin PBXVariantGroup section */
		9AC244E51F178083001D1163 /* Main.storyboard */ = {
			isa = PBXVariantGroup;
			children = (
				9AC244E61F178083001D1163 /* Base */,
			);
			name = Main.storyboard;
			sourceTree = "<group>";
		};
		9AC244EA1F178083001D1163 /* LaunchScreen.storyboard */ = {
			isa = PBXVariantGroup;
			children = (
				9AC244EB1F178083001D1163 /* Base */,
			);
			name = LaunchScreen.storyboard;
			sourceTree = "<group>";
		};
/* End PBXVariantGroup section */

/* Begin XCBuildConfiguration section */
		9AC245041F178083001D1163 /* Debug */ = {
			isa = XCBuildConfiguration;
			buildSettings = {
				ALWAYS_SEARCH_USER_PATHS = NO;
				CLANG_ANALYZER_NONNULL = YES;
				CLANG_ANALYZER_NUMBER_OBJECT_CONVERSION = YES_AGGRESSIVE;
				CLANG_CXX_LANGUAGE_STANDARD = "gnu++0x";
				CLANG_CXX_LIBRARY = "libc++";
				CLANG_ENABLE_MODULES = YES;
				CLANG_ENABLE_OBJC_ARC = YES;
				CLANG_WARN_BOOL_CONVERSION = YES;
				CLANG_WARN_CONSTANT_CONVERSION = YES;
				CLANG_WARN_DIRECT_OBJC_ISA_USAGE = YES_ERROR;
				CLANG_WARN_DOCUMENTATION_COMMENTS = YES;
				CLANG_WARN_EMPTY_BODY = YES;
				CLANG_WARN_ENUM_CONVERSION = YES;
				CLANG_WARN_INFINITE_RECURSION = YES;
				CLANG_WARN_INT_CONVERSION = YES;
				CLANG_WARN_OBJC_ROOT_CLASS = YES_ERROR;
				CLANG_WARN_SUSPICIOUS_MOVE = YES;
				CLANG_WARN_UNREACHABLE_CODE = YES;
				CLANG_WARN__DUPLICATE_METHOD_MATCH = YES;
				"CODE_SIGN_IDENTITY[sdk=iphoneos*]" = "iPhone Developer";
				COPY_PHASE_STRIP = NO;
				DEBUG_INFORMATION_FORMAT = dwarf;
				ENABLE_STRICT_OBJC_MSGSEND = YES;
				ENABLE_TESTABILITY = YES;
				GCC_C_LANGUAGE_STANDARD = gnu99;
				GCC_DYNAMIC_NO_PIC = NO;
				GCC_NO_COMMON_BLOCKS = YES;
				GCC_OPTIMIZATION_LEVEL = 0;
				GCC_PREPROCESSOR_DEFINITIONS = (
					"DEBUG=1",
					"$(inherited)",
				);
				GCC_WARN_64_TO_32_BIT_CONVERSION = YES;
				GCC_WARN_ABOUT_RETURN_TYPE = YES_ERROR;
				GCC_WARN_UNDECLARED_SELECTOR = YES;
				GCC_WARN_UNINITIALIZED_AUTOS = YES_AGGRESSIVE;
				GCC_WARN_UNUSED_FUNCTION = YES;
				GCC_WARN_UNUSED_VARIABLE = YES;
				IPHONEOS_DEPLOYMENT_TARGET = 10.3;
				MTL_ENABLE_DEBUG_INFO = YES;
				ONLY_ACTIVE_ARCH = YES;
				SDKROOT = iphoneos;
				TARGETED_DEVICE_FAMILY = "1,2";
			};
			name = Debug;
		};
		9AC245051F178083001D1163 /* Release */ = {
			isa = XCBuildConfiguration;
			buildSettings = {
				ALWAYS_SEARCH_USER_PATHS = NO;
				CLANG_ANALYZER_NONNULL = YES;
				CLANG_ANALYZER_NUMBER_OBJECT_CONVERSION = YES_AGGRESSIVE;
				CLANG_CXX_LANGUAGE_STANDARD = "gnu++0x";
				CLANG_CXX_LIBRARY = "libc++";
				CLANG_ENABLE_MODULES = YES;
				CLANG_ENABLE_OBJC_ARC = YES;
				CLANG_WARN_BOOL_CONVERSION = YES;
				CLANG_WARN_CONSTANT_CONVERSION = YES;
				CLANG_WARN_DIRECT_OBJC_ISA_USAGE = YES_ERROR;
				CLANG_WARN_DOCUMENTATION_COMMENTS = YES;
				CLANG_WARN_EMPTY_BODY = YES;
				CLANG_WARN_ENUM_CONVERSION = YES;
				CLANG_WARN_INFINITE_RECURSION = YES;
				CLANG_WARN_INT_CONVERSION = YES;
				CLANG_WARN_OBJC_ROOT_CLASS = YES_ERROR;
				CLANG_WARN_SUSPICIOUS_MOVE = YES;
				CLANG_WARN_UNREACHABLE_CODE = YES;
				CLANG_WARN__DUPLICATE_METHOD_MATCH = YES;
				"CODE_SIGN_IDENTITY[sdk=iphoneos*]" = "iPhone Developer";
				COPY_PHASE_STRIP = NO;
				DEBUG_INFORMATION_FORMAT = "dwarf-with-dsym";
				ENABLE_NS_ASSERTIONS = NO;
				ENABLE_STRICT_OBJC_MSGSEND = YES;
				GCC_C_LANGUAGE_STANDARD = gnu99;
				GCC_NO_COMMON_BLOCKS = YES;
				GCC_WARN_64_TO_32_BIT_CONVERSION = YES;
				GCC_WARN_ABOUT_RETURN_TYPE = YES_ERROR;
				GCC_WARN_UNDECLARED_SELECTOR = YES;
				GCC_WARN_UNINITIALIZED_AUTOS = YES_AGGRESSIVE;
				GCC_WARN_UNUSED_FUNCTION = YES;
				GCC_WARN_UNUSED_VARIABLE = YES;
				IPHONEOS_DEPLOYMENT_TARGET = 10.3;
				MTL_ENABLE_DEBUG_INFO = NO;
				SDKROOT = iphoneos;
				TARGETED_DEVICE_FAMILY = "1,2";
				VALIDATE_PRODUCT = YES;
			};
			name = Release;
		};
		9AC245071F178083001D1163 /* Debug */ = {
			isa = XCBuildConfiguration;
			buildSettings = {
				ASSETCATALOG_COMPILER_APPICON_NAME = AppIcon;
				INFOPLIST_FILE = SlideBtnGroups/Info.plist;
				LD_RUNPATH_SEARCH_PATHS = "$(inherited) @executable_path/Frameworks";
				PRODUCT_BUNDLE_IDENTIFIER = yangxiaoyu.SlideBtnGroups;
				PRODUCT_NAME = "$(TARGET_NAME)";
			};
			name = Debug;
		};
		9AC245081F178083001D1163 /* Release */ = {
			isa = XCBuildConfiguration;
			buildSettings = {
				ASSETCATALOG_COMPILER_APPICON_NAME = AppIcon;
				INFOPLIST_FILE = SlideBtnGroups/Info.plist;
				LD_RUNPATH_SEARCH_PATHS = "$(inherited) @executable_path/Frameworks";
				PRODUCT_BUNDLE_IDENTIFIER = yangxiaoyu.SlideBtnGroups;
				PRODUCT_NAME = "$(TARGET_NAME)";
			};
			name = Release;
		};
		9AC2450A1F178083001D1163 /* Debug */ = {
			isa = XCBuildConfiguration;
			buildSettings = {
				BUNDLE_LOADER = "$(TEST_HOST)";
				INFOPLIST_FILE = SlideBtnGroupsTests/Info.plist;
				LD_RUNPATH_SEARCH_PATHS = "$(inherited) @executable_path/Frameworks @loader_path/Frameworks";
				PRODUCT_BUNDLE_IDENTIFIER = yangxiaoyu.SlideBtnGroupsTests;
				PRODUCT_NAME = "$(TARGET_NAME)";
				TEST_HOST = "$(BUILT_PRODUCTS_DIR)/SlideBtnGroups.app/SlideBtnGroups";
			};
			name = Debug;
		};
		9AC2450B1F178083001D1163 /* Release */ = {
			isa = XCBuildConfiguration;
			buildSettings = {
				BUNDLE_LOADER = "$(TEST_HOST)";
				INFOPLIST_FILE = SlideBtnGroupsTests/Info.plist;
				LD_RUNPATH_SEARCH_PATHS = "$(inherited) @executable_path/Frameworks @loader_path/Frameworks";
				PRODUCT_BUNDLE_IDENTIFIER = yangxiaoyu.SlideBtnGroupsTests;
				PRODUCT_NAME = "$(TARGET_NAME)";
				TEST_HOST = "$(BUILT_PRODUCTS_DIR)/SlideBtnGroups.app/SlideBtnGroups";
			};
			name = Release;
		};
		9AC2450D1F178083001D1163 /* Debug */ = {
			isa = XCBuildConfiguration;
			buildSettings = {
				INFOPLIST_FILE = SlideBtnGroupsUITests/Info.plist;
				LD_RUNPATH_SEARCH_PATHS = "$(inherited) @executable_path/Frameworks @loader_path/Frameworks";
				PRODUCT_BUNDLE_IDENTIFIER = yangxiaoyu.SlideBtnGroupsUITests;
				PRODUCT_NAME = "$(TARGET_NAME)";
				TEST_TARGET_NAME = SlideBtnGroups;
			};
			name = Debug;
		};
		9AC2450E1F178083001D1163 /* Release */ = {
			isa = XCBuildConfiguration;
			buildSettings = {
				INFOPLIST_FILE = SlideBtnGroupsUITests/Info.plist;
				LD_RUNPATH_SEARCH_PATHS = "$(inherited) @executable_path/Frameworks @loader_path/Frameworks";
				PRODUCT_BUNDLE_IDENTIFIER = yangxiaoyu.SlideBtnGroupsUITests;
				PRODUCT_NAME = "$(TARGET_NAME)";
				TEST_TARGET_NAME = SlideBtnGroups;
			};
			name = Release;
		};
/* End XCBuildConfiguration section */

/* Begin XCConfigurationList section */
		9AC244D41F178083001D1163 /* Build configuration list for PBXProject "SlideBtnGroups" */ = {
			isa = XCConfigurationList;
			buildConfigurations = (
				9AC245041F178083001D1163 /* Debug */,
				9AC245051F178083001D1163 /* Release */,
			);
			defaultConfigurationIsVisible = 0;
			defaultConfigurationName = Release;
		};
		9AC245061F178083001D1163 /* Build configuration list for PBXNativeTarget "SlideBtnGroups" */ = {
			isa = XCConfigurationList;
			buildConfigurations = (
				9AC245071F178083001D1163 /* Debug */,
				9AC245081F178083001D1163 /* Release */,
			);
			defaultConfigurationIsVisible = 0;
		};
		9AC245091F178083001D1163 /* Build configuration list for PBXNativeTarget "SlideBtnGroupsTests" */ = {
			isa = XCConfigurationList;
			buildConfigurations = (
				9AC2450A1F178083001D1163 /* Debug */,
				9AC2450B1F178083001D1163 /* Release */,
			);
			defaultConfigurationIsVisible = 0;
		};
		9AC2450C1F178083001D1163 /* Build configuration list for PBXNativeTarget "SlideBtnGroupsUITests" */ = {
			isa = XCConfigurationList;
			buildConfigurations = (
				9AC2450D1F178083001D1163 /* Debug */,
				9AC2450E1F178083001D1163 /* Release */,
			);
			defaultConfigurationIsVisible = 0;
		};
/* End XCConfigurationList section */
	};
	rootObject = 9AC244D11F178083001D1163 /* Project object */;
}
